
Microsoft Visual Studio Solution File, Format Version 12.00
# Visual Studio Version 16
VisualStudioVersion = 16.0.31624.102
MinimumVisualStudioVersion = 10.0.40219.1
Project("{FAE04EC0-301F-11D3-BF4B-00C04F79EFBC}") = "urllShortener2GIS", "urllShortener2GIS\urllShortener2GIS.csproj", "{04A2D2E2-BD58-4999-AD36-E32D1D7E693D}"
EndProject
Global
	GlobalSection(SolutionConfigurationPlatforms) = preSolution
		Debug|Any CPU = Debug|Any CPU
		Release|Any CPU = Release|Any CPU
	EndGlobalSection
	GlobalSection(ProjectConfigurationPlatforms) = postSolution
		{04A2D2E2-BD58-4999-AD36-E32D1D7E693D}.Debug|Any CPU.ActiveCfg = Debug|Any CPU
		{04A2D2E2-BD58-4999-AD36-E32D1D7E693D}.Debug|Any CPU.Build.0 = Debug|Any CPU
		{04A2D2E2-BD58-4999-AD36-E32D1D7E693D}.Release|Any CPU.ActiveCfg = Release|Any CPU
		{04A2D2E2-BD58-4999-AD36-E32D1D7E693D}.Release|Any CPU.Build.0 = Release|Any CPU
	EndGlobalSection
	GlobalSection(SolutionProperties) = preSolution
		HideSolutionNode = FALSE
	EndGlobalSection
	GlobalSection(ExtensibilityGlobals) = postSolution
		SolutionGuid = {67FFD0AE-3E1F-4C6F-A839-44DCA33D4E3C}
	EndGlobalSection
EndGlobal
